
Microsoft Visual Studio Solution File, Format Version 12.00
# Visual Studio Version 17
VisualStudioVersion = 17.8.34330.188
MinimumVisualStudioVersion = 10.0.40219.1
Project("{9A19103F-16F7-4668-BE54-9A1E7A4F7556}") = "00Demo", "00Demo\00Demo.csproj", "{5CB864B9-D660-4746-AD71-C402DBCB075C}"
EndProject
Project("{FAE04EC0-301F-11D3-BF4B-00C04F79EFBC}") = "01Demo", "01Demo\01Demo.csproj", "{9CA6BD14-2B1A-4F32-9C69-F820CF8B7CBA}"
EndProject
Project("{FAE04EC0-301F-11D3-BF4B-00C04F79EFBC}") = "02Demo", "02Demo\02Demo.csproj", "{EFB2BDCA-8D8A-4CC1-8540-0A6A3C76F08F}"
EndProject
Project("{FAE04EC0-301F-11D3-BF4B-00C04F79EFBC}") = "03Demo", "03Demo\03Demo.csproj", "{F5AFD444-E2A3-4B08-A2BE-15E2891D7EDA}"
EndProject
Project("{FAE04EC0-301F-11D3-BF4B-00C04F79EFBC}") = "04Demo", "04Demo\04Demo.csproj", "{DC4F8EAB-08A9-413D-81A0-9997BE515994}"
EndProject
Project("{FAE04EC0-301F-11D3-BF4B-00C04F79EFBC}") = "MathsLib", "MathsLib\MathsLib.csproj", "{6F86EA0D-B642-42A3-AFC7-BEEE1F3A77B6}"
EndProject
Project("{FAE04EC0-301F-11D3-BF4B-00C04F79EFBC}") = "05Demo", "05Demo\05Demo.csproj", "{657F40C4-6174-47FE-B175-F1E9A6A8B27D}"
EndProject
Project("{FAE04EC0-301F-11D3-BF4B-00C04F79EFBC}") = "06Demo", "06Demo\06Demo.csproj", "{822E1DBE-DA55-411E-B14F-02E1D4F84FA8}"
EndProject
Project("{9A19103F-16F7-4668-BE54-9A1E7A4F7556}") = "AttributesLIB", "AttributesLIB\AttributesLIB.csproj", "{9E941535-8EF8-4B13-9D25-761355E2EF68}"
EndProject
Project("{9A19103F-16F7-4668-BE54-9A1E7A4F7556}") = "POCOLib", "POCOLib\POCOLib.csproj", "{E61F0F58-7B0B-4E79-88B3-6FED1D0DF174}"
EndProject
Project("{9A19103F-16F7-4668-BE54-9A1E7A4F7556}") = "MyOWNORM", "MyOWNORM\MyOWNORM.csproj", "{BC2D79E9-F86D-42DD-B269-FAA8D8CF6D01}"
EndProject
Project("{FAE04EC0-301F-11D3-BF4B-00C04F79EFBC}") = "DemoWeb", "DemoWeb\DemoWeb.csproj", "{4B367D7B-4538-4915-8552-47DD1590928C}"
EndProject
Project("{FAE04EC0-301F-11D3-BF4B-00C04F79EFBC}") = "DemoMVC", "DemoMVC\DemoMVC.csproj", "{E173D33D-452D-482F-87AA-9C7530364FF3}"
EndProject
Global
	GlobalSection(SolutionConfigurationPlatforms) = preSolution
		Debug|Any CPU = Debug|Any CPU
		Release|Any CPU = Release|Any CPU
	EndGlobalSection
	GlobalSection(ProjectConfigurationPlatforms) = postSolution
		{5CB864B9-D660-4746-AD71-C402DBCB075C}.Debug|Any CPU.ActiveCfg = Debug|Any CPU
		{5CB864B9-D660-4746-AD71-C402DBCB075C}.Debug|Any CPU.Build.0 = Debug|Any CPU
		{5CB864B9-D660-4746-AD71-C402DBCB075C}.Release|Any CPU.ActiveCfg = Release|Any CPU
		{5CB864B9-D660-4746-AD71-C402DBCB075C}.Release|Any CPU.Build.0 = Release|Any CPU
		{9CA6BD14-2B1A-4F32-9C69-F820CF8B7CBA}.Debug|Any CPU.ActiveCfg = Debug|Any CPU
		{9CA6BD14-2B1A-4F32-9C69-F820CF8B7CBA}.Debug|Any CPU.Build.0 = Debug|Any CPU
		{9CA6BD14-2B1A-4F32-9C69-F820CF8B7CBA}.Release|Any CPU.ActiveCfg = Release|Any CPU
		{9CA6BD14-2B1A-4F32-9C69-F820CF8B7CBA}.Release|Any CPU.Build.0 = Release|Any CPU
		{EFB2BDCA-8D8A-4CC1-8540-0A6A3C76F08F}.Debug|Any CPU.ActiveCfg = Debug|Any CPU
		{EFB2BDCA-8D8A-4CC1-8540-0A6A3C76F08F}.Debug|Any CPU.Build.0 = Debug|Any CPU
		{EFB2BDCA-8D8A-4CC1-8540-0A6A3C76F08F}.Release|Any CPU.ActiveCfg = Release|Any CPU
		{EFB2BDCA-8D8A-4CC1-8540-0A6A3C76F08F}.Release|Any CPU.Build.0 = Release|Any CPU
		{F5AFD444-E2A3-4B08-A2BE-15E2891D7EDA}.Debug|Any CPU.ActiveCfg = Debug|Any CPU
		{F5AFD444-E2A3-4B08-A2BE-15E2891D7EDA}.Debug|Any CPU.Build.0 = Debug|Any CPU
		{F5AFD444-E2A3-4B08-A2BE-15E2891D7EDA}.Release|Any CPU.ActiveCfg = Release|Any CPU
		{F5AFD444-E2A3-4B08-A2BE-15E2891D7EDA}.Release|Any CPU.Build.0 = Release|Any CPU
		{DC4F8EAB-08A9-413D-81A0-9997BE515994}.Debug|Any CPU.ActiveCfg = Debug|Any CPU
		{DC4F8EAB-08A9-413D-81A0-9997BE515994}.Debug|Any CPU.Build.0 = Debug|Any CPU
		{DC4F8EAB-08A9-413D-81A0-9997BE515994}.Release|Any CPU.ActiveCfg = Release|Any CPU
		{DC4F8EAB-08A9-413D-81A0-9997BE515994}.Release|Any CPU.Build.0 = Release|Any CPU
		{6F86EA0D-B642-42A3-AFC7-BEEE1F3A77B6}.Debug|Any CPU.ActiveCfg = Debug|Any CPU
		{6F86EA0D-B642-42A3-AFC7-BEEE1F3A77B6}.Debug|Any CPU.Build.0 = Debug|Any CPU
		{6F86EA0D-B642-42A3-AFC7-BEEE1F3A77B6}.Release|Any CPU.ActiveCfg = Release|Any CPU
		{6F86EA0D-B642-42A3-AFC7-BEEE1F3A77B6}.Release|Any CPU.Build.0 = Release|Any CPU
		{657F40C4-6174-47FE-B175-F1E9A6A8B27D}.Debug|Any CPU.ActiveCfg = Debug|Any CPU
		{657F40C4-6174-47FE-B175-F1E9A6A8B27D}.Debug|Any CPU.Build.0 = Debug|Any CPU
		{657F40C4-6174-47FE-B175-F1E9A6A8B27D}.Release|Any CPU.ActiveCfg = Release|Any CPU
		{657F40C4-6174-47FE-B175-F1E9A6A8B27D}.Release|Any CPU.Build.0 = Release|Any CPU
		{822E1DBE-DA55-411E-B14F-02E1D4F84FA8}.Debug|Any CPU.ActiveCfg = Debug|Any CPU
		{822E1DBE-DA55-411E-B14F-02E1D4F84FA8}.Debug|Any CPU.Build.0 = Debug|Any CPU
		{822E1DBE-DA55-411E-B14F-02E1D4F84FA8}.Release|Any CPU.ActiveCfg = Release|Any CPU
		{822E1DBE-DA55-411E-B14F-02E1D4F84FA8}.Release|Any CPU.Build.0 = Release|Any CPU
		{9E941535-8EF8-4B13-9D25-761355E2EF68}.Debug|Any CPU.ActiveCfg = Debug|Any CPU
		{9E941535-8EF8-4B13-9D25-761355E2EF68}.Debug|Any CPU.Build.0 = Debug|Any CPU
		{9E941535-8EF8-4B13-9D25-761355E2EF68}.Release|Any CPU.ActiveCfg = Release|Any CPU
		{9E941535-8EF8-4B13-9D25-761355E2EF68}.Release|Any CPU.Build.0 = Release|Any CPU
		{E61F0F58-7B0B-4E79-88B3-6FED1D0DF174}.Debug|Any CPU.ActiveCfg = Debug|Any CPU
		{E61F0F58-7B0B-4E79-88B3-6FED1D0DF174}.Debug|Any CPU.Build.0 = Debug|Any CPU
		{E61F0F58-7B0B-4E79-88B3-6FED1D0DF174}.Release|Any CPU.ActiveCfg = Release|Any CPU
		{E61F0F58-7B0B-4E79-88B3-6FED1D0DF174}.Release|Any CPU.Build.0 = Release|Any CPU
		{BC2D79E9-F86D-42DD-B269-FAA8D8CF6D01}.Debug|Any CPU.ActiveCfg = Debug|Any CPU
		{BC2D79E9-F86D-42DD-B269-FAA8D8CF6D01}.Debug|Any CPU.Build.0 = Debug|Any CPU
		{BC2D79E9-F86D-42DD-B269-FAA8D8CF6D01}.Release|Any CPU.ActiveCfg = Release|Any CPU
		{BC2D79E9-F86D-42DD-B269-FAA8D8CF6D01}.Release|Any CPU.Build.0 = Release|Any CPU
		{4B367D7B-4538-4915-8552-47DD1590928C}.Debug|Any CPU.ActiveCfg = Debug|Any CPU
		{4B367D7B-4538-4915-8552-47DD1590928C}.Debug|Any CPU.Build.0 = Debug|Any CPU
		{4B367D7B-4538-4915-8552-47DD1590928C}.Release|Any CPU.ActiveCfg = Release|Any CPU
		{4B367D7B-4538-4915-8552-47DD1590928C}.Release|Any CPU.Build.0 = Release|Any CPU
		{E173D33D-452D-482F-87AA-9C7530364FF3}.Debug|Any CPU.ActiveCfg = Debug|Any CPU
		{E173D33D-452D-482F-87AA-9C7530364FF3}.Debug|Any CPU.Build.0 = Debug|Any CPU
		{E173D33D-452D-482F-87AA-9C7530364FF3}.Release|Any CPU.ActiveCfg = Release|Any CPU
		{E173D33D-452D-482F-87AA-9C7530364FF3}.Release|Any CPU.Build.0 = Release|Any CPU
	EndGlobalSection
	GlobalSection(SolutionProperties) = preSolution
		HideSolutionNode = FALSE
	EndGlobalSection
	GlobalSection(ExtensibilityGlobals) = postSolution
		SolutionGuid = {30600824-9796-4483-B13B-A2EF32253A7C}
	EndGlobalSection
EndGlobal
