Microsoft Visual Studio Solution File, Format Version 12.00
# Visual Studio Version 17
VisualStudioVersion = 17.5.2.0
MinimumVisualStudioVersion = 10.0.40219.1
Project("{FAE04EC0-301F-11D3-BF4B-00C04F79EFBC}") = "grps", "grps.csproj", "{074237B7-1B7B-DC75-0AB5-40C878EEC88B}"
EndProject
Global
	GlobalSection(SolutionConfigurationPlatforms) = preSolution
		Debug|Any CPU = Debug|Any CPU
		Release|Any CPU = Release|Any CPU
	EndGlobalSection
	GlobalSection(ProjectConfigurationPlatforms) = postSolution
		{074237B7-1B7B-DC75-0AB5-40C878EEC88B}.Debug|Any CPU.ActiveCfg = Debug|Any CPU
		{074237B7-1B7B-DC75-0AB5-40C878EEC88B}.Debug|Any CPU.Build.0 = Debug|Any CPU
		{074237B7-1B7B-DC75-0AB5-40C878EEC88B}.Release|Any CPU.ActiveCfg = Release|Any CPU
		{074237B7-1B7B-DC75-0AB5-40C878EEC88B}.Release|Any CPU.Build.0 = Release|Any CPU
	EndGlobalSection
	GlobalSection(SolutionProperties) = preSolution
		HideSolutionNode = FALSE
	EndGlobalSection
	GlobalSection(ExtensibilityGlobals) = postSolution
		SolutionGuid = {855CBF21-927E-420F-BF69-EFA1CBA5DA12}
	EndGlobalSection
EndGlobal
